
Microsoft Visual Studio Solution File, Format Version 10.00
# Visual Studio 2008
Project("{FAE04EC0-301F-11D3-BF4B-00C04F79EFBC}") = "scientific_calculator_own", "scientific_calculator_own\scientific_calculator_own.csproj", "{9F03511C-F89A-458A-B13F-DBFD4271BD32}"
EndProject
Global
	GlobalSection(SolutionConfigurationPlatforms) = preSolution
		Debug|Any CPU = Debug|Any CPU
		Release|Any CPU = Release|Any CPU
	EndGlobalSection
	GlobalSection(ProjectConfigurationPlatforms) = postSolution
		{9F03511C-F89A-458A-B13F-DBFD4271BD32}.Debug|Any CPU.ActiveCfg = Debug|Any CPU
		{9F03511C-F89A-458A-B13F-DBFD4271BD32}.Debug|Any CPU.Build.0 = Debug|Any CPU
		{9F03511C-F89A-458A-B13F-DBFD4271BD32}.Release|Any CPU.ActiveCfg = Release|Any CPU
		{9F03511C-F89A-458A-B13F-DBFD4271BD32}.Release|Any CPU.Build.0 = Release|Any CPU
	EndGlobalSection
	GlobalSection(SolutionProperties) = preSolution
		HideSolutionNode = FALSE
	EndGlobalSection
EndGlobal
